{
  "version": 4,
  "terraform_version": "1.14.5",
  "serial": 387,
  "lineage": "475f39d9-8147-646a-0aaa-8772fb9984f8",
  "outputs": {
    "edge_node_1_ip": {
      "value": "10.0.10.153",
      "type": "string"
    },
    "edge_node_1_private_ip": {
      "value": "10.2.1.27",
      "type": "string"
    },
    "edge_node_2_ip": {
      "value": "10.0.10.187",
      "type": "string"
    },
    "edge_node_2_private_ip": {
      "value": "10.2.2.47",
      "type": "string"
    },
    "edge_node_3_ip": {
      "value": "10.0.10.160",
      "type": "string"
    },
    "edge_node_3_private_ip": {
      "value": "10.2.2.13",
      "type": "string"
    }
  },
  "resources": [
    {
      "mode": "data",
      "type": "openstack_compute_flavor_v2",
      "name": "flavor",
      "provider": "provider[\"registry.terraform.io/terraform-provider-openstack/openstack\"]",
      "instances": [
        {
          "schema_version": 0,
          "attributes": {
            "description": "",
            "disk": 3,
            "extra_specs": {},
            "flavor_id": "6",
            "id": "6",
            "is_public": true,
            "min_disk": null,
            "min_ram": null,
            "name": "m1.smaller",
            "ram": 512,
            "region": null,
            "rx_tx_factor": 1,
            "swap": 0,
            "vcpus": 1
          },
          "sensitive_attributes": [],
          "identity_schema_version": 0
        }
      ]
    },
    {
      "mode": "data",
      "type": "openstack_compute_keypair_v2",
      "name": "keypair",
      "provider": "provider[\"registry.terraform.io/terraform-provider-openstack/openstack\"]",
      "instances": [
        {
          "schema_version": 0,
          "attributes": {
            "fingerprint": "35:9f:32:d0:aa:2c:3d:df:26:22:8d:45:b0:f5:5e:a1",
            "id": "edge-key",
            "name": "edge-key",
            "public_key": "ssh-rsa AAAAB3NzaC1yc2EAAAADAQABAAABAQCZkNMwu9OU0Vcscf/HNPT1sC3iB6y6ugs0TfqbSzfCnJ7GYbAFkvnYzJwTBxrchbDbOhFHeqUBPoGEdKVNRwcODa4toUBfy7T5RMk+WtvhZmgZCKbpSUG9BeqVhpciq0ZIgUl80qiLnuQcUsLi/L/+253GkunMhSb0d612cOqx1EyytKN4Xs7mSThSkxrgA49d2aSv880ibXsH7uM/XPK1bu/EC0e4weu6BVpBM8jso3dLKCVChikilvwQ2LXU4V8uEMSUa5wgzXSwwmjVkphM5gGnExTisCTFCXsUF4EybVYn/57dxEPvieiz7pr8k5AFCLmMhPBnQCMGrkGyC+iH root@controller\n",
            "region": "",
            "user_id": "da6217c9f56240b2946746777231e59b"
          },
          "sensitive_attributes": [],
          "identity_schema_version": 0
        }
      ]
    },
    {
      "mode": "data",
      "type": "openstack_images_image_v2",
      "name": "image",
      "provider": "provider[\"registry.terraform.io/terraform-provider-openstack/openstack\"]",
      "instances": [
        {
          "schema_version": 0,
          "attributes": {
            "checksum": "cbd43dc12f87e900ded5f92eb97daae6",
            "container_format": "bare",
            "created_at": "2026-02-12T17:48:33Z",
            "disk_format": "qcow2",
            "file": "/v2/images/b8fb6772-8e4a-457d-b2ec-3c145539d312/file",
            "hidden": false,
            "id": "b8fb6772-8e4a-457d-b2ec-3c145539d312",
            "member_status": null,
            "metadata": {},
            "min_disk_gb": 0,
            "min_ram_mb": 0,
            "most_recent": true,
            "name": "focal-server-cloudimg-amd64-vnx",
            "name_regex": null,
            "owner": "1aa9627719d647f3b5a8bb91deca6825",
            "properties": {
              "os_hash_algo": "sha512",
              "os_hash_value": "f2a585fffde36a66048ceb707f205efba4ddc54e20048f223ec1a039252654d28a659443b2f64064eea03d5310c83316d689fa5dcaf08949e3d4942575fb89be",
              "owner_specified.openstack.md5": "",
              "owner_specified.openstack.object": "images/focal-server-cloudimg-amd64-vnx",
              "owner_specified.openstack.sha256": ""
            },
            "protected": false,
            "region": "",
            "schema": "/v2/schemas/image",
            "size_bytes": 657326080,
            "size_max": null,
            "size_min": null,
            "sort_direction": "asc",
            "sort_key": "name",
            "tag": null,
            "tags": [],
            "updated_at": "2026-02-12T17:48:36Z",
            "visibility": "public"
          },
          "sensitive_attributes": [],
          "identity_schema_version": 0
        }
      ]
    },
    {
      "mode": "data",
      "type": "openstack_networking_network_v2",
      "name": "external",
      "provider": "provider[\"registry.terraform.io/terraform-provider-openstack/openstack\"]",
      "instances": [
        {
          "schema_version": 0,
          "attributes": {
            "admin_state_up": "true",
            "all_tags": [],
            "availability_zone_hints": [],
            "description": "",
            "dns_domain": "",
            "external": true,
            "id": "9a6daedb-c579-41c6-8375-5c8f8515fa17",
            "matching_subnet_cidr": null,
            "mtu": 1500,
            "name": "ExtNet",
            "network_id": null,
            "region": "",
            "segments": [
              {
                "network_type": "flat",
                "physical_network": "provider",
                "segmentation_id": 0
              }
            ],
            "shared": "true",
            "status": null,
            "subnets": [
              "27e606a4-76e4-48f1-b2e3-f3bb095bdfeb"
            ],
            "tags": null,
            "tenant_id": "1aa9627719d647f3b5a8bb91deca6825",
            "transparent_vlan": false
          },
          "sensitive_attributes": [],
          "identity_schema_version": 0
        }
      ]
    },
    {
      "mode": "managed",
      "type": "local_file",
      "name": "ansible_inventory",
      "provider": "provider[\"registry.terraform.io/hashicorp/local\"]",
      "instances": [
        {
          "schema_version": 0,
          "attributes": {
            "content": "# Ansible Inventory — Auto-generated by Terraform\n# Do not edit manually — regenerated on every terraform apply\n\n[controller]\ncontroller ansible_host=192.168.122.55 ansible_user=root\n\n[edge_nodes]\nedge-node-1 ansible_host=10.0.10.153 ansible_user=ubuntu zone=zone1 vm_id=6e6147b2-cb97-4436-a0b8-0f4c76daac4d private_ip=10.2.1.27\nedge-node-2 ansible_host=10.0.10.187 ansible_user=ubuntu zone=zone2 vm_id=a30f7f11-64d6-4788-a04c-830b50f3bebc private_ip=10.2.2.47\n\n[standby]\nedge-node-3 ansible_host=10.0.10.160 ansible_user=ubuntu zone=standby vm_id=73da3891-c18e-4dc7-bdff-ab0c22206b3a private_ip=10.2.2.13\n\n[all_vms:children]\nedge_nodes\nstandby\n\n[all:vars]\nansible_ssh_private_key_file = ~/.ssh/edge-key.pem\nansible_python_interpreter   = /usr/bin/python3\nansible_ssh_common_args      = '-o ProxyCommand=\"ssh -W %h:%p -q root@192.168.122.55 -o StrictHostKeyChecking=no\" -o StrictHostKeyChecking=no -o UserKnownHostsFile=/dev/null'\nmqtt_broker                  = 192.168.122.1\nmqtt_port                    = 1883\nproxy_http                   = http://10.0.10.11:3128\n",
            "content_base64": null,
            "content_base64sha256": "xfL6bhh6Lb1Z4nd86ICzxf74z8TLPwMcI4QtSxKgjiw=",
            "content_base64sha512": "IdqhXSRp3ugGabMTi3EHNyAxn7PZVW9XORDRBEIqBsOQRW3aELrC+9oHU0i+b/TJyB+lF+v23vVJ4U6fdWqRig==",
            "content_md5": "e665ee300fdbd2a78b94c1a4d8f87136",
            "content_sha1": "392fe647407f6be95dca6638326f99696e82f177",
            "content_sha256": "c5f2fa6e187a2dbd59e2777ce880b3c5fef8cfc4cb3f031c23842d4b12a08e2c",
            "content_sha512": "21daa15d2469dee80669b3138b71073720319fb3d9556f573910d104422a06c390456dda10bac2fbda075348be6ff4c9c81fa517ebf6def549e14e9f756a918a",
            "directory_permission": "0777",
            "file_permission": "0777",
            "filename": "./../ansible/inventory.ini",
            "id": "392fe647407f6be95dca6638326f99696e82f177",
            "sensitive_content": null,
            "source": null
          },
          "sensitive_attributes": [
            [
              {
                "type": "get_attr",
                "value": "sensitive_content"
              }
            ]
          ],
          "identity_schema_version": 0,
          "dependencies": [
            "data.openstack_compute_flavor_v2.flavor",
            "data.openstack_compute_keypair_v2.keypair",
            "data.openstack_images_image_v2.image",
            "openstack_compute_instance_v2.edge_node_1",
            "openstack_compute_instance_v2.edge_node_2",
            "openstack_compute_instance_v2.edge_node_3",
            "openstack_networking_floatingip_v2.fip_vm1",
            "openstack_networking_floatingip_v2.fip_vm2",
            "openstack_networking_floatingip_v2.fip_vm3",
            "openstack_networking_network_v2.net1",
            "openstack_networking_network_v2.net2",
            "openstack_networking_secgroup_v2.edge_sg"
          ]
        }
      ]
    },
    {
      "mode": "managed",
      "type": "openstack_compute_floatingip_associate_v2",
      "name": "fip_vm1_assoc",
      "provider": "provider[\"registry.terraform.io/terraform-provider-openstack/openstack\"]",
      "instances": [
        {
          "schema_version": 0,
          "attributes": {
            "fixed_ip": "",
            "floating_ip": "10.0.10.153",
            "id": "10.0.10.153/6e6147b2-cb97-4436-a0b8-0f4c76daac4d/",
            "instance_id": "6e6147b2-cb97-4436-a0b8-0f4c76daac4d",
            "region": "",
            "timeouts": null,
            "wait_until_associated": null
          },
          "sensitive_attributes": [],
          "identity_schema_version": 0,
          "private": "eyJlMmJmYjczMC1lY2FhLTExZTYtOGY4OC0zNDM2M2JjN2M0YzAiOnsiY3JlYXRlIjo2MDAwMDAwMDAwMDB9fQ==",
          "dependencies": [
            "data.openstack_compute_flavor_v2.flavor",
            "data.openstack_compute_keypair_v2.keypair",
            "data.openstack_images_image_v2.image",
            "openstack_compute_instance_v2.edge_node_1",
            "openstack_networking_floatingip_v2.fip_vm1",
            "openstack_networking_network_v2.net1",
            "openstack_networking_secgroup_v2.edge_sg"
          ]
        }
      ]
    },
    {
      "mode": "managed",
      "type": "openstack_compute_floatingip_associate_v2",
      "name": "fip_vm2_assoc",
      "provider": "provider[\"registry.terraform.io/terraform-provider-openstack/openstack\"]",
      "instances": [
        {
          "schema_version": 0,
          "attributes": {
            "fixed_ip": "",
            "floating_ip": "10.0.10.187",
            "id": "10.0.10.187/a30f7f11-64d6-4788-a04c-830b50f3bebc/",
            "instance_id": "a30f7f11-64d6-4788-a04c-830b50f3bebc",
            "region": "",
            "timeouts": null,
            "wait_until_associated": null
          },
          "sensitive_attributes": [],
          "identity_schema_version": 0,
          "private": "eyJlMmJmYjczMC1lY2FhLTExZTYtOGY4OC0zNDM2M2JjN2M0YzAiOnsiY3JlYXRlIjo2MDAwMDAwMDAwMDB9fQ==",
          "dependencies": [
            "data.openstack_compute_flavor_v2.flavor",
            "data.openstack_compute_keypair_v2.keypair",
            "data.openstack_images_image_v2.image",
            "openstack_compute_instance_v2.edge_node_2",
            "openstack_networking_floatingip_v2.fip_vm2",
            "openstack_networking_network_v2.net2",
            "openstack_networking_secgroup_v2.edge_sg"
          ]
        }
      ]
    },
    {
      "mode": "managed",
      "type": "openstack_compute_instance_v2",
      "name": "edge_node_1",
      "provider": "provider[\"registry.terraform.io/terraform-provider-openstack/openstack\"]",
      "instances": [
        {
          "schema_version": 0,
          "attributes": {
            "access_ip_v4": "10.2.1.27",
            "access_ip_v6": "",
            "admin_pass": null,
            "all_metadata": {
              "role": "edge-node",
              "zone": "zone1"
            },
            "all_tags": [],
            "availability_zone": "nova",
            "availability_zone_hints": null,
            "block_device": [],
            "config_drive": null,
            "created": "2026-03-13 02:26:53 +0000 UTC",
            "flavor_id": "6",
            "flavor_name": "m1.smaller",
            "floating_ip": null,
            "force_delete": false,
            "id": "6e6147b2-cb97-4436-a0b8-0f4c76daac4d",
            "image_id": "b8fb6772-8e4a-457d-b2ec-3c145539d312",
            "image_name": "focal-server-cloudimg-amd64-vnx",
            "key_pair": "edge-key",
            "metadata": {
              "role": "edge-node",
              "zone": "zone1"
            },
            "name": "edge-node-1",
            "network": [
              {
                "access_network": false,
                "fixed_ip_v4": "10.2.1.27",
                "fixed_ip_v6": "",
                "floating_ip": "",
                "mac": "fa:16:3e:db:3f:67",
                "name": "edge-net1",
                "port": "",
                "uuid": "e5de6f56-e0e4-4072-9957-370181cfb3de"
              }
            ],
            "network_mode": null,
            "personality": [],
            "power_state": "active",
            "region": "",
            "scheduler_hints": [],
            "security_groups": [
              "edge-edge-sg"
            ],
            "stop_before_destroy": false,
            "tags": [],
            "timeouts": null,
            "updated": "2026-05-11 03:46:16 +0000 UTC",
            "user_data": null,
            "vendor_options": [],
            "volume": []
          },
          "sensitive_attributes": [
            [
              {
                "type": "get_attr",
                "value": "admin_pass"
              }
            ]
          ],
          "identity_schema_version": 0,
          "private": "eyJlMmJmYjczMC1lY2FhLTExZTYtOGY4OC0zNDM2M2JjN2M0YzAiOnsiY3JlYXRlIjoxODAwMDAwMDAwMDAwLCJkZWxldGUiOjE4MDAwMDAwMDAwMDAsInVwZGF0ZSI6MTgwMDAwMDAwMDAwMH19",
          "dependencies": [
            "data.openstack_compute_flavor_v2.flavor",
            "data.openstack_compute_keypair_v2.keypair",
            "data.openstack_images_image_v2.image",
            "openstack_networking_network_v2.net1",
            "openstack_networking_secgroup_v2.edge_sg"
          ]
        }
      ]
    },
    {
      "mode": "managed",
      "type": "openstack_compute_instance_v2",
      "name": "edge_node_2",
      "provider": "provider[\"registry.terraform.io/terraform-provider-openstack/openstack\"]",
      "instances": [
        {
          "schema_version": 0,
          "attributes": {
            "access_ip_v4": "10.2.2.47",
            "access_ip_v6": "",
            "admin_pass": null,
            "all_metadata": {
              "role": "edge-node",
              "zone": "zone2"
            },
            "all_tags": [],
            "availability_zone": "nova",
            "availability_zone_hints": null,
            "block_device": [],
            "config_drive": null,
            "created": "2026-03-13 02:26:55 +0000 UTC",
            "flavor_id": "6",
            "flavor_name": "m1.smaller",
            "floating_ip": null,
            "force_delete": false,
            "id": "a30f7f11-64d6-4788-a04c-830b50f3bebc",
            "image_id": "b8fb6772-8e4a-457d-b2ec-3c145539d312",
            "image_name": "focal-server-cloudimg-amd64-vnx",
            "key_pair": "edge-key",
            "metadata": {
              "role": "edge-node",
              "zone": "zone2"
            },
            "name": "edge-node-2",
            "network": [
              {
                "access_network": false,
                "fixed_ip_v4": "10.2.2.47",
                "fixed_ip_v6": "",
                "floating_ip": "",
                "mac": "fa:16:3e:27:e6:af",
                "name": "edge-net2",
                "port": "",
                "uuid": "cf687e7e-4a96-4775-8da5-835be9eddde7"
              }
            ],
            "network_mode": null,
            "personality": [],
            "power_state": "active",
            "region": "",
            "scheduler_hints": [],
            "security_groups": [
              "edge-edge-sg"
            ],
            "stop_before_destroy": false,
            "tags": [],
            "timeouts": null,
            "updated": "2026-05-11 03:46:16 +0000 UTC",
            "user_data": null,
            "vendor_options": [],
            "volume": []
          },
          "sensitive_attributes": [
            [
              {
                "type": "get_attr",
                "value": "admin_pass"
              }
            ]
          ],
          "identity_schema_version": 0,
          "private": "eyJlMmJmYjczMC1lY2FhLTExZTYtOGY4OC0zNDM2M2JjN2M0YzAiOnsiY3JlYXRlIjoxODAwMDAwMDAwMDAwLCJkZWxldGUiOjE4MDAwMDAwMDAwMDAsInVwZGF0ZSI6MTgwMDAwMDAwMDAwMH19",
          "dependencies": [
            "data.openstack_compute_flavor_v2.flavor",
            "data.openstack_compute_keypair_v2.keypair",
            "data.openstack_images_image_v2.image",
            "openstack_networking_network_v2.net2",
            "openstack_networking_secgroup_v2.edge_sg"
          ]
        }
      ]
    },
    {
      "mode": "managed",
      "type": "openstack_compute_instance_v2",
      "name": "edge_node_3",
      "provider": "provider[\"registry.terraform.io/terraform-provider-openstack/openstack\"]",
      "instances": [
        {
          "schema_version": 0,
          "attributes": {
            "access_ip_v4": "10.2.2.13",
            "access_ip_v6": "",
            "admin_pass": null,
            "all_metadata": {
              "role": "edge-node-standby",
              "zone": "standby"
            },
            "all_tags": [],
            "availability_zone": "nova",
            "availability_zone_hints": null,
            "block_device": [],
            "config_drive": null,
            "created": "2026-03-13 02:29:47 +0000 UTC",
            "flavor_id": "6",
            "flavor_name": "m1.smaller",
            "floating_ip": null,
            "force_delete": false,
            "id": "73da3891-c18e-4dc7-bdff-ab0c22206b3a",
            "image_id": "b8fb6772-8e4a-457d-b2ec-3c145539d312",
            "image_name": "focal-server-cloudimg-amd64-vnx",
            "key_pair": "edge-key",
            "metadata": {
              "role": "edge-node-standby",
              "zone": "standby"
            },
            "name": "edge-node-3",
            "network": [
              {
                "access_network": false,
                "fixed_ip_v4": "10.2.2.13",
                "fixed_ip_v6": "",
                "floating_ip": "",
                "mac": "fa:16:3e:d0:4a:cc",
                "name": "edge-net2",
                "port": "",
                "uuid": "cf687e7e-4a96-4775-8da5-835be9eddde7"
              }
            ],
            "network_mode": null,
            "personality": [],
            "power_state": "shutoff",
            "region": "",
            "scheduler_hints": [],
            "security_groups": [
              "edge-edge-sg"
            ],
            "stop_before_destroy": false,
            "tags": [],
            "timeouts": null,
            "updated": "2026-05-10 18:06:03 +0000 UTC",
            "user_data": null,
            "vendor_options": [],
            "volume": []
          },
          "sensitive_attributes": [
            [
              {
                "type": "get_attr",
                "value": "admin_pass"
              }
            ]
          ],
          "identity_schema_version": 0,
          "private": "eyJlMmJmYjczMC1lY2FhLTExZTYtOGY4OC0zNDM2M2JjN2M0YzAiOnsiY3JlYXRlIjoxODAwMDAwMDAwMDAwLCJkZWxldGUiOjE4MDAwMDAwMDAwMDAsInVwZGF0ZSI6MTgwMDAwMDAwMDAwMH19",
          "dependencies": [
            "data.openstack_compute_flavor_v2.flavor",
            "data.openstack_compute_keypair_v2.keypair",
            "data.openstack_images_image_v2.image",
            "openstack_networking_network_v2.net2",
            "openstack_networking_secgroup_v2.edge_sg"
          ]
        }
      ]
    },
    {
      "mode": "managed",
      "type": "openstack_networking_floatingip_v2",
      "name": "fip_vm1",
      "provider": "provider[\"registry.terraform.io/terraform-provider-openstack/openstack\"]",
      "instances": [
        {
          "schema_version": 0,
          "attributes": {
            "address": "10.0.10.153",
            "all_tags": [],
            "description": "",
            "dns_domain": "",
            "dns_name": "",
            "fixed_ip": "10.2.1.27",
            "id": "b50b6d15-2210-4984-b49b-27c31875c43d",
            "pool": "ExtNet",
            "port_id": "4e24f8d2-61ae-46d8-b896-d5de2514c024",
            "region": "",
            "subnet_id": null,
            "subnet_ids": null,
            "tags": [],
            "tenant_id": "a5062bc5fcd346838dda47acc32e859e",
            "timeouts": null,
            "value_specs": null
          },
          "sensitive_attributes": [],
          "identity_schema_version": 0,
          "private": "eyJlMmJmYjczMC1lY2FhLTExZTYtOGY4OC0zNDM2M2JjN2M0YzAiOnsiY3JlYXRlIjo2MDAwMDAwMDAwMDAsImRlbGV0ZSI6NjAwMDAwMDAwMDAwfX0="
        }
      ]
    },
    {
      "mode": "managed",
      "type": "openstack_networking_floatingip_v2",
      "name": "fip_vm2",
      "provider": "provider[\"registry.terraform.io/terraform-provider-openstack/openstack\"]",
      "instances": [
        {
          "schema_version": 0,
          "attributes": {
            "address": "10.0.10.187",
            "all_tags": [],
            "description": "",
            "dns_domain": "",
            "dns_name": "",
            "fixed_ip": "10.2.2.47",
            "id": "7931b31c-14ba-466d-993f-4f4b6c059540",
            "pool": "ExtNet",
            "port_id": "ef3f2b93-7e8b-4bf8-b528-a77214875f1e",
            "region": "",
            "subnet_id": null,
            "subnet_ids": null,
            "tags": [],
            "tenant_id": "a5062bc5fcd346838dda47acc32e859e",
            "timeouts": null,
            "value_specs": null
          },
          "sensitive_attributes": [],
          "identity_schema_version": 0,
          "private": "eyJlMmJmYjczMC1lY2FhLTExZTYtOGY4OC0zNDM2M2JjN2M0YzAiOnsiY3JlYXRlIjo2MDAwMDAwMDAwMDAsImRlbGV0ZSI6NjAwMDAwMDAwMDAwfX0="
        }
      ]
    },
    {
      "mode": "managed",
      "type": "openstack_networking_floatingip_v2",
      "name": "fip_vm3",
      "provider": "provider[\"registry.terraform.io/terraform-provider-openstack/openstack\"]",
      "instances": [
        {
          "schema_version": 0,
          "attributes": {
            "address": "10.0.10.160",
            "all_tags": [],
            "description": "",
            "dns_domain": "",
            "dns_name": "",
            "fixed_ip": "",
            "id": "aafcafce-e149-4133-a447-045e361bd17d",
            "pool": "ExtNet",
            "port_id": "",
            "region": "",
            "subnet_id": null,
            "subnet_ids": null,
            "tags": [],
            "tenant_id": "a5062bc5fcd346838dda47acc32e859e",
            "timeouts": null,
            "value_specs": null
          },
          "sensitive_attributes": [],
          "identity_schema_version": 0,
          "private": "eyJlMmJmYjczMC1lY2FhLTExZTYtOGY4OC0zNDM2M2JjN2M0YzAiOnsiY3JlYXRlIjo2MDAwMDAwMDAwMDAsImRlbGV0ZSI6NjAwMDAwMDAwMDAwfX0="
        }
      ]
    },
    {
      "mode": "managed",
      "type": "openstack_networking_network_v2",
      "name": "net1",
      "provider": "provider[\"registry.terraform.io/terraform-provider-openstack/openstack\"]",
      "instances": [
        {
          "schema_version": 0,
          "attributes": {
            "admin_state_up": true,
            "all_tags": [],
            "availability_zone_hints": [],
            "description": "",
            "dns_domain": "",
            "external": false,
            "id": "e5de6f56-e0e4-4072-9957-370181cfb3de",
            "mtu": 1450,
            "name": "edge-net1",
            "port_security_enabled": true,
            "qos_policy_id": "",
            "region": "",
            "segments": [
              {
                "network_type": "vxlan",
                "physical_network": "",
                "segmentation_id": 111
              }
            ],
            "shared": false,
            "tags": [],
            "tenant_id": "a5062bc5fcd346838dda47acc32e859e",
            "timeouts": null,
            "transparent_vlan": false,
            "value_specs": null
          },
          "sensitive_attributes": [],
          "identity_schema_version": 0,
          "private": "eyJlMmJmYjczMC1lY2FhLTExZTYtOGY4OC0zNDM2M2JjN2M0YzAiOnsiY3JlYXRlIjo2MDAwMDAwMDAwMDAsImRlbGV0ZSI6NjAwMDAwMDAwMDAwfX0="
        }
      ]
    },
    {
      "mode": "managed",
      "type": "openstack_networking_network_v2",
      "name": "net2",
      "provider": "provider[\"registry.terraform.io/terraform-provider-openstack/openstack\"]",
      "instances": [
        {
          "schema_version": 0,
          "attributes": {
            "admin_state_up": true,
            "all_tags": [],
            "availability_zone_hints": [],
            "description": "",
            "dns_domain": "",
            "external": false,
            "id": "cf687e7e-4a96-4775-8da5-835be9eddde7",
            "mtu": 1450,
            "name": "edge-net2",
            "port_security_enabled": true,
            "qos_policy_id": "",
            "region": "",
            "segments": [
              {
                "network_type": "vxlan",
                "physical_network": "",
                "segmentation_id": 105
              }
            ],
            "shared": false,
            "tags": [],
            "tenant_id": "a5062bc5fcd346838dda47acc32e859e",
            "timeouts": null,
            "transparent_vlan": false,
            "value_specs": null
          },
          "sensitive_attributes": [],
          "identity_schema_version": 0,
          "private": "eyJlMmJmYjczMC1lY2FhLTExZTYtOGY4OC0zNDM2M2JjN2M0YzAiOnsiY3JlYXRlIjo2MDAwMDAwMDAwMDAsImRlbGV0ZSI6NjAwMDAwMDAwMDAwfX0="
        }
      ]
    },
    {
      "mode": "managed",
      "type": "openstack_networking_router_interface_v2",
      "name": "iface1",
      "provider": "provider[\"registry.terraform.io/terraform-provider-openstack/openstack\"]",
      "instances": [
        {
          "schema_version": 0,
          "attributes": {
            "force_destroy": false,
            "id": "efff68d7-f9f5-4c5b-9e29-9f608052d400",
            "port_id": "efff68d7-f9f5-4c5b-9e29-9f608052d400",
            "region": "",
            "router_id": "d4314d6f-72e4-4915-b6b4-2c71e143c015",
            "subnet_id": "652f8d52-605c-44cf-97b4-9b92363b3426",
            "timeouts": null
          },
          "sensitive_attributes": [],
          "identity_schema_version": 0,
          "private": "eyJlMmJmYjczMC1lY2FhLTExZTYtOGY4OC0zNDM2M2JjN2M0YzAiOnsiY3JlYXRlIjo2MDAwMDAwMDAwMDAsImRlbGV0ZSI6NjAwMDAwMDAwMDAwfX0=",
          "dependencies": [
            "data.openstack_networking_network_v2.external",
            "openstack_networking_network_v2.net1",
            "openstack_networking_router_v2.router",
            "openstack_networking_subnet_v2.subnet1"
          ]
        }
      ]
    },
    {
      "mode": "managed",
      "type": "openstack_networking_router_interface_v2",
      "name": "iface2",
      "provider": "provider[\"registry.terraform.io/terraform-provider-openstack/openstack\"]",
      "instances": [
        {
          "schema_version": 0,
          "attributes": {
            "force_destroy": false,
            "id": "913de383-0965-4cea-aba1-2dc2b6aba412",
            "port_id": "913de383-0965-4cea-aba1-2dc2b6aba412",
            "region": "",
            "router_id": "d4314d6f-72e4-4915-b6b4-2c71e143c015",
            "subnet_id": "608edcb0-9d0d-465a-92ee-06f4947a0f93",
            "timeouts": null
          },
          "sensitive_attributes": [],
          "identity_schema_version": 0,
          "private": "eyJlMmJmYjczMC1lY2FhLTExZTYtOGY4OC0zNDM2M2JjN2M0YzAiOnsiY3JlYXRlIjo2MDAwMDAwMDAwMDAsImRlbGV0ZSI6NjAwMDAwMDAwMDAwfX0=",
          "dependencies": [
            "data.openstack_networking_network_v2.external",
            "openstack_networking_network_v2.net2",
            "openstack_networking_router_v2.router",
            "openstack_networking_subnet_v2.subnet2"
          ]
        }
      ]
    },
    {
      "mode": "managed",
      "type": "openstack_networking_router_v2",
      "name": "router",
      "provider": "provider[\"registry.terraform.io/terraform-provider-openstack/openstack\"]",
      "instances": [
        {
          "schema_version": 0,
          "attributes": {
            "admin_state_up": true,
            "all_tags": [],
            "availability_zone_hints": [],
            "description": "",
            "distributed": false,
            "enable_snat": true,
            "external_fixed_ip": [
              {
                "ip_address": "10.0.10.135",
                "subnet_id": "27e606a4-76e4-48f1-b2e3-f3bb095bdfeb"
              }
            ],
            "external_gateway": "9a6daedb-c579-41c6-8375-5c8f8515fa17",
            "external_network_id": "9a6daedb-c579-41c6-8375-5c8f8515fa17",
            "external_subnet_ids": null,
            "id": "d4314d6f-72e4-4915-b6b4-2c71e143c015",
            "name": "edge-router",
            "region": "",
            "tags": [],
            "tenant_id": "a5062bc5fcd346838dda47acc32e859e",
            "timeouts": null,
            "value_specs": null,
            "vendor_options": []
          },
          "sensitive_attributes": [],
          "identity_schema_version": 0,
          "private": "eyJlMmJmYjczMC1lY2FhLTExZTYtOGY4OC0zNDM2M2JjN2M0YzAiOnsiY3JlYXRlIjo2MDAwMDAwMDAwMDAsImRlbGV0ZSI6NjAwMDAwMDAwMDAwfX0=",
          "dependencies": [
            "data.openstack_networking_network_v2.external"
          ]
        }
      ]
    },
    {
      "mode": "managed",
      "type": "openstack_networking_secgroup_rule_v2",
      "name": "egress_tcp",
      "provider": "provider[\"registry.terraform.io/terraform-provider-openstack/openstack\"]",
      "instances": [
        {
          "schema_version": 0,
          "attributes": {
            "description": "",
            "direction": "egress",
            "ethertype": "IPv4",
            "id": "6c84eb73-fb9c-484d-945e-cb9a5cfb689a",
            "port_range_max": 0,
            "port_range_min": 0,
            "protocol": "tcp",
            "region": "",
            "remote_group_id": "",
            "remote_ip_prefix": "0.0.0.0/0",
            "security_group_id": "e2a5e67d-49b3-40e0-8b6c-540217c48c68",
            "tenant_id": "a5062bc5fcd346838dda47acc32e859e",
            "timeouts": null
          },
          "sensitive_attributes": [],
          "identity_schema_version": 0,
          "private": "eyJlMmJmYjczMC1lY2FhLTExZTYtOGY4OC0zNDM2M2JjN2M0YzAiOnsiZGVsZXRlIjo2MDAwMDAwMDAwMDB9fQ==",
          "dependencies": [
            "openstack_networking_secgroup_v2.edge_sg"
          ]
        }
      ]
    },
    {
      "mode": "managed",
      "type": "openstack_networking_secgroup_rule_v2",
      "name": "egress_udp",
      "provider": "provider[\"registry.terraform.io/terraform-provider-openstack/openstack\"]",
      "instances": [
        {
          "schema_version": 0,
          "attributes": {
            "description": "",
            "direction": "egress",
            "ethertype": "IPv4",
            "id": "bea79cee-0f03-4b78-93df-92204a201670",
            "port_range_max": 0,
            "port_range_min": 0,
            "protocol": "udp",
            "region": "",
            "remote_group_id": "",
            "remote_ip_prefix": "0.0.0.0/0",
            "security_group_id": "e2a5e67d-49b3-40e0-8b6c-540217c48c68",
            "tenant_id": "a5062bc5fcd346838dda47acc32e859e",
            "timeouts": null
          },
          "sensitive_attributes": [],
          "identity_schema_version": 0,
          "private": "eyJlMmJmYjczMC1lY2FhLTExZTYtOGY4OC0zNDM2M2JjN2M0YzAiOnsiZGVsZXRlIjo2MDAwMDAwMDAwMDB9fQ==",
          "dependencies": [
            "openstack_networking_secgroup_v2.edge_sg"
          ]
        }
      ]
    },
    {
      "mode": "managed",
      "type": "openstack_networking_secgroup_rule_v2",
      "name": "icmp",
      "provider": "provider[\"registry.terraform.io/terraform-provider-openstack/openstack\"]",
      "instances": [
        {
          "schema_version": 0,
          "attributes": {
            "description": "",
            "direction": "ingress",
            "ethertype": "IPv4",
            "id": "2765b3bc-b484-468d-af37-bfa10b8212f9",
            "port_range_max": 0,
            "port_range_min": 0,
            "protocol": "icmp",
            "region": "",
            "remote_group_id": "",
            "remote_ip_prefix": "0.0.0.0/0",
            "security_group_id": "e2a5e67d-49b3-40e0-8b6c-540217c48c68",
            "tenant_id": "a5062bc5fcd346838dda47acc32e859e",
            "timeouts": null
          },
          "sensitive_attributes": [],
          "identity_schema_version": 0,
          "private": "eyJlMmJmYjczMC1lY2FhLTExZTYtOGY4OC0zNDM2M2JjN2M0YzAiOnsiZGVsZXRlIjo2MDAwMDAwMDAwMDB9fQ==",
          "dependencies": [
            "openstack_networking_secgroup_v2.edge_sg"
          ]
        }
      ]
    },
    {
      "mode": "managed",
      "type": "openstack_networking_secgroup_rule_v2",
      "name": "mqtt",
      "provider": "provider[\"registry.terraform.io/terraform-provider-openstack/openstack\"]",
      "instances": [
        {
          "schema_version": 0,
          "attributes": {
            "description": "",
            "direction": "ingress",
            "ethertype": "IPv4",
            "id": "efd5c130-2449-4d80-bbf8-5c530b025751",
            "port_range_max": 1883,
            "port_range_min": 1883,
            "protocol": "tcp",
            "region": "",
            "remote_group_id": "",
            "remote_ip_prefix": "0.0.0.0/0",
            "security_group_id": "e2a5e67d-49b3-40e0-8b6c-540217c48c68",
            "tenant_id": "a5062bc5fcd346838dda47acc32e859e",
            "timeouts": null
          },
          "sensitive_attributes": [],
          "identity_schema_version": 0,
          "private": "eyJlMmJmYjczMC1lY2FhLTExZTYtOGY4OC0zNDM2M2JjN2M0YzAiOnsiZGVsZXRlIjo2MDAwMDAwMDAwMDB9fQ==",
          "dependencies": [
            "openstack_networking_secgroup_v2.edge_sg"
          ]
        }
      ]
    },
    {
      "mode": "managed",
      "type": "openstack_networking_secgroup_rule_v2",
      "name": "node_exporter",
      "provider": "provider[\"registry.terraform.io/terraform-provider-openstack/openstack\"]",
      "instances": [
        {
          "schema_version": 0,
          "attributes": {
            "description": "",
            "direction": "ingress",
            "ethertype": "IPv4",
            "id": "3964a9b5-b1c9-4daa-a516-3f65655242a7",
            "port_range_max": 9100,
            "port_range_min": 9100,
            "protocol": "tcp",
            "region": "",
            "remote_group_id": "",
            "remote_ip_prefix": "0.0.0.0/0",
            "security_group_id": "e2a5e67d-49b3-40e0-8b6c-540217c48c68",
            "tenant_id": "a5062bc5fcd346838dda47acc32e859e",
            "timeouts": null
          },
          "sensitive_attributes": [],
          "identity_schema_version": 0,
          "private": "eyJlMmJmYjczMC1lY2FhLTExZTYtOGY4OC0zNDM2M2JjN2M0YzAiOnsiZGVsZXRlIjo2MDAwMDAwMDAwMDB9fQ==",
          "dependencies": [
            "openstack_networking_secgroup_v2.edge_sg"
          ]
        }
      ]
    },
    {
      "mode": "managed",
      "type": "openstack_networking_secgroup_rule_v2",
      "name": "ssh",
      "provider": "provider[\"registry.terraform.io/terraform-provider-openstack/openstack\"]",
      "instances": [
        {
          "schema_version": 0,
          "attributes": {
            "description": "",
            "direction": "ingress",
            "ethertype": "IPv4",
            "id": "603fd824-fb47-4314-9c37-b5e08d4851fc",
            "port_range_max": 22,
            "port_range_min": 22,
            "protocol": "tcp",
            "region": "",
            "remote_group_id": "",
            "remote_ip_prefix": "0.0.0.0/0",
            "security_group_id": "e2a5e67d-49b3-40e0-8b6c-540217c48c68",
            "tenant_id": "a5062bc5fcd346838dda47acc32e859e",
            "timeouts": null
          },
          "sensitive_attributes": [],
          "identity_schema_version": 0,
          "private": "eyJlMmJmYjczMC1lY2FhLTExZTYtOGY4OC0zNDM2M2JjN2M0YzAiOnsiZGVsZXRlIjo2MDAwMDAwMDAwMDB9fQ==",
          "dependencies": [
            "openstack_networking_secgroup_v2.edge_sg"
          ]
        }
      ]
    },
    {
      "mode": "managed",
      "type": "openstack_networking_secgroup_v2",
      "name": "edge_sg",
      "provider": "provider[\"registry.terraform.io/terraform-provider-openstack/openstack\"]",
      "instances": [
        {
          "schema_version": 0,
          "attributes": {
            "all_tags": [],
            "delete_default_rules": null,
            "description": "Security group for edge monitoring nodes",
            "id": "e2a5e67d-49b3-40e0-8b6c-540217c48c68",
            "name": "edge-edge-sg",
            "region": "",
            "tags": [],
            "tenant_id": "a5062bc5fcd346838dda47acc32e859e",
            "timeouts": null
          },
          "sensitive_attributes": [],
          "identity_schema_version": 0,
          "private": "eyJlMmJmYjczMC1lY2FhLTExZTYtOGY4OC0zNDM2M2JjN2M0YzAiOnsiZGVsZXRlIjo2MDAwMDAwMDAwMDB9fQ=="
        }
      ]
    },
    {
      "mode": "managed",
      "type": "openstack_networking_subnet_v2",
      "name": "subnet1",
      "provider": "provider[\"registry.terraform.io/terraform-provider-openstack/openstack\"]",
      "instances": [
        {
          "schema_version": 0,
          "attributes": {
            "all_tags": [],
            "allocation_pool": [
              {
                "end": "10.2.1.50",
                "start": "10.2.1.10"
              }
            ],
            "allocation_pools": [
              {
                "end": "10.2.1.50",
                "start": "10.2.1.10"
              }
            ],
            "cidr": "10.2.1.0/24",
            "description": "",
            "dns_nameservers": [
              "8.8.8.8",
              "8.8.4.4"
            ],
            "enable_dhcp": true,
            "gateway_ip": "10.2.1.1",
            "host_routes": [],
            "id": "652f8d52-605c-44cf-97b4-9b92363b3426",
            "ip_version": 4,
            "ipv6_address_mode": "",
            "ipv6_ra_mode": "",
            "name": "edge-subnet1",
            "network_id": "e5de6f56-e0e4-4072-9957-370181cfb3de",
            "no_gateway": false,
            "prefix_length": null,
            "region": "",
            "service_types": [],
            "subnetpool_id": "",
            "tags": [],
            "tenant_id": "a5062bc5fcd346838dda47acc32e859e",
            "timeouts": null,
            "value_specs": null
          },
          "sensitive_attributes": [],
          "identity_schema_version": 0,
          "private": "eyJlMmJmYjczMC1lY2FhLTExZTYtOGY4OC0zNDM2M2JjN2M0YzAiOnsiY3JlYXRlIjo2MDAwMDAwMDAwMDAsImRlbGV0ZSI6NjAwMDAwMDAwMDAwfX0=",
          "dependencies": [
            "openstack_networking_network_v2.net1"
          ]
        }
      ]
    },
    {
      "mode": "managed",
      "type": "openstack_networking_subnet_v2",
      "name": "subnet2",
      "provider": "provider[\"registry.terraform.io/terraform-provider-openstack/openstack\"]",
      "instances": [
        {
          "schema_version": 0,
          "attributes": {
            "all_tags": [],
            "allocation_pool": [
              {
                "end": "10.2.2.50",
                "start": "10.2.2.10"
              }
            ],
            "allocation_pools": [
              {
                "end": "10.2.2.50",
                "start": "10.2.2.10"
              }
            ],
            "cidr": "10.2.2.0/24",
            "description": "",
            "dns_nameservers": [
              "8.8.8.8",
              "8.8.4.4"
            ],
            "enable_dhcp": true,
            "gateway_ip": "10.2.2.1",
            "host_routes": [],
            "id": "608edcb0-9d0d-465a-92ee-06f4947a0f93",
            "ip_version": 4,
            "ipv6_address_mode": "",
            "ipv6_ra_mode": "",
            "name": "edge-subnet2",
            "network_id": "cf687e7e-4a96-4775-8da5-835be9eddde7",
            "no_gateway": false,
            "prefix_length": null,
            "region": "",
            "service_types": [],
            "subnetpool_id": "",
            "tags": [],
            "tenant_id": "a5062bc5fcd346838dda47acc32e859e",
            "timeouts": null,
            "value_specs": null
          },
          "sensitive_attributes": [],
          "identity_schema_version": 0,
          "private": "eyJlMmJmYjczMC1lY2FhLTExZTYtOGY4OC0zNDM2M2JjN2M0YzAiOnsiY3JlYXRlIjo2MDAwMDAwMDAwMDAsImRlbGV0ZSI6NjAwMDAwMDAwMDAwfX0=",
          "dependencies": [
            "openstack_networking_network_v2.net2"
          ]
        }
      ]
    }
  ],
  "check_results": null
}
